
Microsoft Visual Studio Solution File, Format Version 12.00
# Visual Studio Version 16
VisualStudioVersion = 16.0.29318.209
MinimumVisualStudioVersion = 15.0.26124.0
Project("{9A19103F-16F7-4668-BE54-9A1E7A4F7556}") = "JsonParser", "JsonParser\JsonParser.csproj", "{3E83F539-BF6E-48AF-A4EA-5065933A49DD}"
EndProject
Project("{9A19103F-16F7-4668-BE54-9A1E7A4F7556}") = "JsonParser.Tests", "JsonParser.Tests\JsonParser.Tests.csproj", "{1783D5BA-13F1-4EA7-BDC1-362F6B836894}"
EndProject
Global
	GlobalSection(SolutionConfigurationPlatforms) = preSolution
		Debug|Any CPU = Debug|Any CPU
		Debug|x64 = Debug|x64
		Debug|x86 = Debug|x86
		Release|Any CPU = Release|Any CPU
		Release|x64 = Release|x64
		Release|x86 = Release|x86
	EndGlobalSection
	GlobalSection(ProjectConfigurationPlatforms) = postSolution
		{3E83F539-BF6E-48AF-A4EA-5065933A49DD}.Debug|Any CPU.ActiveCfg = Debug|Any CPU
		{3E83F539-BF6E-48AF-A4EA-5065933A49DD}.Debug|Any CPU.Build.0 = Debug|Any CPU
		{3E83F539-BF6E-48AF-A4EA-5065933A49DD}.Debug|x64.ActiveCfg = Debug|Any CPU
		{3E83F539-BF6E-48AF-A4EA-5065933A49DD}.Debug|x64.Build.0 = Debug|Any CPU
		{3E83F539-BF6E-48AF-A4EA-5065933A49DD}.Debug|x86.ActiveCfg = Debug|Any CPU
		{3E83F539-BF6E-48AF-A4EA-5065933A49DD}.Debug|x86.Build.0 = Debug|Any CPU
		{3E83F539-BF6E-48AF-A4EA-5065933A49DD}.Release|Any CPU.ActiveCfg = Release|Any CPU
		{3E83F539-BF6E-48AF-A4EA-5065933A49DD}.Release|Any CPU.Build.0 = Release|Any CPU
		{3E83F539-BF6E-48AF-A4EA-5065933A49DD}.Release|x64.ActiveCfg = Release|Any CPU
		{3E83F539-BF6E-48AF-A4EA-5065933A49DD}.Release|x64.Build.0 = Release|Any CPU
		{3E83F539-BF6E-48AF-A4EA-5065933A49DD}.Release|x86.ActiveCfg = Release|Any CPU
		{3E83F539-BF6E-48AF-A4EA-5065933A49DD}.Release|x86.Build.0 = Release|Any CPU
		{1783D5BA-13F1-4EA7-BDC1-362F6B836894}.Debug|Any CPU.ActiveCfg = Debug|Any CPU
		{1783D5BA-13F1-4EA7-BDC1-362F6B836894}.Debug|Any CPU.Build.0 = Debug|Any CPU
		{1783D5BA-13F1-4EA7-BDC1-362F6B836894}.Debug|x64.ActiveCfg = Debug|Any CPU
		{1783D5BA-13F1-4EA7-BDC1-362F6B836894}.Debug|x64.Build.0 = Debug|Any CPU
		{1783D5BA-13F1-4EA7-BDC1-362F6B836894}.Debug|x86.ActiveCfg = Debug|Any CPU
		{1783D5BA-13F1-4EA7-BDC1-362F6B836894}.Debug|x86.Build.0 = Debug|Any CPU
		{1783D5BA-13F1-4EA7-BDC1-362F6B836894}.Release|Any CPU.ActiveCfg = Release|Any CPU
		{1783D5BA-13F1-4EA7-BDC1-362F6B836894}.Release|Any CPU.Build.0 = Release|Any CPU
		{1783D5BA-13F1-4EA7-BDC1-362F6B836894}.Release|x64.ActiveCfg = Release|Any CPU
		{1783D5BA-13F1-4EA7-BDC1-362F6B836894}.Release|x64.Build.0 = Release|Any CPU
		{1783D5BA-13F1-4EA7-BDC1-362F6B836894}.Release|x86.ActiveCfg = Release|Any CPU
		{1783D5BA-13F1-4EA7-BDC1-362F6B836894}.Release|x86.Build.0 = Release|Any CPU
	EndGlobalSection
	GlobalSection(SolutionProperties) = preSolution
		HideSolutionNode = FALSE
	EndGlobalSection
	GlobalSection(ExtensibilityGlobals) = postSolution
		SolutionGuid = {D53D548A-3CF5-444D-BE06-FBC4F402262A}
	EndGlobalSection
EndGlobal
